
Microsoft Visual Studio Solution File, Format Version 12.00
# Visual Studio 15
Project("{FAE04EC0-301F-11D3-BF4B-00C04F79EFBC}") = "EF", "EF\EF.csproj", "{62D24E93-DB08-4EF7-87AD-9D8185BC6CE4}"
EndProject
Global
	GlobalSection(SolutionConfigurationPlatforms) = preSolution
		Debug|Any CPU = Debug|Any CPU
		Release|Any CPU = Release|Any CPU
	EndGlobalSection
	GlobalSection(ProjectConfigurationPlatforms) = postSolution
		{62D24E93-DB08-4EF7-87AD-9D8185BC6CE4}.Debug|Any CPU.ActiveCfg = Debug|Any CPU
		{62D24E93-DB08-4EF7-87AD-9D8185BC6CE4}.Debug|Any CPU.Build.0 = Debug|Any CPU
		{62D24E93-DB08-4EF7-87AD-9D8185BC6CE4}.Release|Any CPU.ActiveCfg = Release|Any CPU
		{62D24E93-DB08-4EF7-87AD-9D8185BC6CE4}.Release|Any CPU.Build.0 = Release|Any CPU
	EndGlobalSection
EndGlobal
